<?xml version="1.0" encoding="utf-8"?>
<Project ToolsVersion="4.0" xmlns="http://schemas.microsoft.com/developer/msbuild/2003">
  <ItemGroup>
    <Filter Include="Resources">
      <UniqueIdentifier>{67DA6AB6-F800-4c08-8B7A-83BB121AAD01}</UniqueIdentifier>
      <Extensions>rc;ico;cur;bmp;dlg;rc2;rct;bin;rgs;gif;jpg;jpeg;jpe;resx;tiff;tif;png;wav;mfcribbon-ms</Extensions>
    </Filter>
    <Filter Include="Source">
      <UniqueIdentifier>{4FC737F1-C7A5-4376-A066-2A32D752A2FF}</UniqueIdentifier>
      <Extensions>cpp;c;cc;cxx;c++;cppm;ixx;def;odl;idl;hpj;bat;asm;asmx</Extensions>
    </Filter>
    <Filter Include="Source\Math">
      <UniqueIdentifier>{16dcc1d2-9dd5-4429-82e0-45ba4a54e26b}</UniqueIdentifier>
    </Filter>
    <Filter Include="Source\Graphics">
      <UniqueIdentifier>{7ddb6cee-4ad3-43dc-9be2-ce30bd9de3d3}</UniqueIdentifier>
    </Filter>
    <Filter Include="Source\Base">
      <UniqueIdentifier>{d5ce17da-631e-4ccd-bbab-61c20e3df2c4}</UniqueIdentifier>
    </Filter>
    <Filter Include="Source\Audio">
      <UniqueIdentifier>{b9288da4-4bda-4b8b-bcb7-2c37bd9818b2}</UniqueIdentifier>
    </Filter>
    <Filter Include="Source\Framework">
      <UniqueIdentifier>{0269657a-4c6f-4e3e-ae84-ad4befb771ae}</UniqueIdentifier>
    </Filter>
  </ItemGroup>
  <ItemGroup>
    <ClInclude Include="Math\Vector2.h">
      <Filter>Source\Math</Filter>
    </ClInclude>
    <ClInclude Include="Math\Color.h">
      <Filter>Source\Math</Filter>
    </ClInclude>
    <ClInclude Include="Graphics\Shapes.h">
      <Filter>Source\Graphics</Filter>
    </ClInclude>
    <ClInclude Include="Graphics\ParticleSystem.h">
      <Filter>Source\Graphics</Filter>
    </ClInclude>
    <ClInclude Include="Math\Random.h">
      <Filter>Source\Math</Filter>
    </ClInclude>
    <ClInclude Include="Math\MathUtils.h">
      <Filter>Source\Math</Filter>
    </ClInclude>
    <ClInclude Include="Math\Transform.h">
      <Filter>Source\Math</Filter>
    </ClInclude>
    <ClInclude Include="Base\System.h">
      <Filter>Source\Base</Filter>
    </ClInclude>
    <ClInclude Include="Engine.h">
      <Filter>Source</Filter>
    </ClInclude>
    <ClInclude Include="Audio\AudioSystem.h">
      <Filter>Source\Audio</Filter>
    </ClInclude>
    <ClInclude Include="Base\Object.h">
      <Filter>Source\Base</Filter>
    </ClInclude>
    <ClInclude Include="Base\Actor.h">
      <Filter>Source\Base</Filter>
    </ClInclude>
    <ClInclude Include="Base\Scene.h">
      <Filter>Source\Base</Filter>
    </ClInclude>
    <ClInclude Include="Framework\EventSystem.h">
      <Filter>Source\Framework</Filter>
    </ClInclude>
    <ClInclude Include="Framework\ResourceSystem.h">
      <Filter>Source\Framework</Filter>
    </ClInclude>
    <ClInclude Include="Math\Matrix22.h">
      <Filter>Source\Math</Filter>
    </ClInclude>
    <ClInclude Include="Math\Matrix33.h">
      <Filter>Source\Math</Filter>
    </ClInclude>
  </ItemGroup>
  <ItemGroup>
    <ClCompile Include="Graphics\Shapes.cpp">
      <Filter>Source\Graphics</Filter>
    </ClCompile>
    <ClCompile Include="Graphics\ParticleSystem.cpp">
      <Filter>Source\Graphics</Filter>
    </ClCompile>
    <ClCompile Include="Math\Random.cpp">
      <Filter>Source\Math</Filter>
    </ClCompile>
    <ClCompile Include="Math\Color.cpp">
      <Filter>Source\Math</Filter>
    </ClCompile>
    <ClCompile Include="Math\Vector2.cpp">
      <Filter>Source\Math</Filter>
    </ClCompile>
    <ClCompile Include="Engine.cpp">
      <Filter>Source</Filter>
    </ClCompile>
    <ClCompile Include="Audio\Audio.cpp">
      <Filter>Source\Audio</Filter>
    </ClCompile>
    <ClCompile Include="Base\Actor.cpp">
      <Filter>Source\Base</Filter>
    </ClCompile>
    <ClCompile Include="Base\Scene.cpp">
      <Filter>Source\Base</Filter>
    </ClCompile>
    <ClCompile Include="Framework\EventSystem.cpp">
      <Filter>Source\Framework</Filter>
    </ClCompile>
    <ClCompile Include="Math\Transform.cpp">
      <Filter>Source\Math</Filter>
    </ClCompile>
  </ItemGroup>
</Project>